
Microsoft Visual Studio Solution File, Format Version 12.00
# Visual Studio Version 17
VisualStudioVersion = 17.5.33627.172
MinimumVisualStudioVersion = 10.0.40219.1
Project("{9A19103F-16F7-4668-BE54-9A1E7A4F7556}") = "ConsoleUI", "ConsoleUI\ConsoleUI.csproj", "{AF2963BA-410F-4BF5-B1B7-63FDDB939CDE}"
EndProject
Project("{9A19103F-16F7-4668-BE54-9A1E7A4F7556}") = "DIDemoLib", "DIDemoLib\DIDemoLib.csproj", "{22488DC6-B4BC-40C2-9CF1-C06E5E8CA25B}"
EndProject
Project("{9A19103F-16F7-4668-BE54-9A1E7A4F7556}") = "WorkerService", "WorkerService\WorkerService.csproj", "{FE750A9F-2D78-4E36-97BA-7EE186DD6948}"
EndProject
Project("{FAE04EC0-301F-11D3-BF4B-00C04F79EFBC}") = "API", "API\API.csproj", "{94DE4B79-479E-4DAB-9125-29932E6F5F0A}"
EndProject
Global
	GlobalSection(SolutionConfigurationPlatforms) = preSolution
		Debug|Any CPU = Debug|Any CPU
		Release|Any CPU = Release|Any CPU
	EndGlobalSection
	GlobalSection(ProjectConfigurationPlatforms) = postSolution
		{AF2963BA-410F-4BF5-B1B7-63FDDB939CDE}.Debug|Any CPU.ActiveCfg = Debug|Any CPU
		{AF2963BA-410F-4BF5-B1B7-63FDDB939CDE}.Debug|Any CPU.Build.0 = Debug|Any CPU
		{AF2963BA-410F-4BF5-B1B7-63FDDB939CDE}.Release|Any CPU.ActiveCfg = Release|Any CPU
		{AF2963BA-410F-4BF5-B1B7-63FDDB939CDE}.Release|Any CPU.Build.0 = Release|Any CPU
		{22488DC6-B4BC-40C2-9CF1-C06E5E8CA25B}.Debug|Any CPU.ActiveCfg = Debug|Any CPU
		{22488DC6-B4BC-40C2-9CF1-C06E5E8CA25B}.Debug|Any CPU.Build.0 = Debug|Any CPU
		{22488DC6-B4BC-40C2-9CF1-C06E5E8CA25B}.Release|Any CPU.ActiveCfg = Release|Any CPU
		{22488DC6-B4BC-40C2-9CF1-C06E5E8CA25B}.Release|Any CPU.Build.0 = Release|Any CPU
		{FE750A9F-2D78-4E36-97BA-7EE186DD6948}.Debug|Any CPU.ActiveCfg = Debug|Any CPU
		{FE750A9F-2D78-4E36-97BA-7EE186DD6948}.Debug|Any CPU.Build.0 = Debug|Any CPU
		{FE750A9F-2D78-4E36-97BA-7EE186DD6948}.Release|Any CPU.ActiveCfg = Release|Any CPU
		{FE750A9F-2D78-4E36-97BA-7EE186DD6948}.Release|Any CPU.Build.0 = Release|Any CPU
		{94DE4B79-479E-4DAB-9125-29932E6F5F0A}.Debug|Any CPU.ActiveCfg = Debug|Any CPU
		{94DE4B79-479E-4DAB-9125-29932E6F5F0A}.Debug|Any CPU.Build.0 = Debug|Any CPU
		{94DE4B79-479E-4DAB-9125-29932E6F5F0A}.Release|Any CPU.ActiveCfg = Release|Any CPU
		{94DE4B79-479E-4DAB-9125-29932E6F5F0A}.Release|Any CPU.Build.0 = Release|Any CPU
	EndGlobalSection
	GlobalSection(SolutionProperties) = preSolution
		HideSolutionNode = FALSE
	EndGlobalSection
	GlobalSection(ExtensibilityGlobals) = postSolution
		SolutionGuid = {7269582E-FDBC-47D5-976E-A7F854E2E75D}
	EndGlobalSection
EndGlobal
